
Microsoft Visual Studio Solution File, Format Version 12.00
# Visual Studio Version 17
VisualStudioVersion = 17.8.34330.188
MinimumVisualStudioVersion = 10.0.40219.1
Project("{FAE04EC0-301F-11D3-BF4B-00C04F79EFBC}") = "e-Shift", "e-Shift\e-Shift.csproj", "{032BDE6B-F622-4474-9C1A-7E22D22F99A6}"
EndProject
Global
	GlobalSection(SolutionConfigurationPlatforms) = preSolution
		Debug|Any CPU = Debug|Any CPU
		Release|Any CPU = Release|Any CPU
	EndGlobalSection
	GlobalSection(ProjectConfigurationPlatforms) = postSolution
		{032BDE6B-F622-4474-9C1A-7E22D22F99A6}.Debug|Any CPU.ActiveCfg = Debug|Any CPU
		{032BDE6B-F622-4474-9C1A-7E22D22F99A6}.Debug|Any CPU.Build.0 = Debug|Any CPU
		{032BDE6B-F622-4474-9C1A-7E22D22F99A6}.Release|Any CPU.ActiveCfg = Release|Any CPU
		{032BDE6B-F622-4474-9C1A-7E22D22F99A6}.Release|Any CPU.Build.0 = Release|Any CPU
	EndGlobalSection
	GlobalSection(SolutionProperties) = preSolution
		HideSolutionNode = FALSE
	EndGlobalSection
	GlobalSection(ExtensibilityGlobals) = postSolution
		SolutionGuid = {E1907A75-7116-45AB-A73C-B7AE446C8032}
	EndGlobalSection
EndGlobal
